
Microsoft Visual Studio Solution File, Format Version 12.00
# Visual Studio Version 17
VisualStudioVersion = 17.4.33213.308
MinimumVisualStudioVersion = 10.0.40219.1
Project("{FAE04EC0-301F-11D3-BF4B-00C04F79EFBC}") = "MathGame", "MathGame\MathGame.csproj", "{714AD401-004D-44CB-A207-3208F707B7BF}"
EndProject
Global
	GlobalSection(SolutionConfigurationPlatforms) = preSolution
		Debug|Any CPU = Debug|Any CPU
		Release|Any CPU = Release|Any CPU
	EndGlobalSection
	GlobalSection(ProjectConfigurationPlatforms) = postSolution
		{714AD401-004D-44CB-A207-3208F707B7BF}.Debug|Any CPU.ActiveCfg = Debug|Any CPU
		{714AD401-004D-44CB-A207-3208F707B7BF}.Debug|Any CPU.Build.0 = Debug|Any CPU
		{714AD401-004D-44CB-A207-3208F707B7BF}.Release|Any CPU.ActiveCfg = Release|Any CPU
		{714AD401-004D-44CB-A207-3208F707B7BF}.Release|Any CPU.Build.0 = Release|Any CPU
	EndGlobalSection
	GlobalSection(SolutionProperties) = preSolution
		HideSolutionNode = FALSE
	EndGlobalSection
	GlobalSection(ExtensibilityGlobals) = postSolution
		SolutionGuid = {EA93CC4E-5184-4D35-837E-41C3B6C9BC46}
	EndGlobalSection
EndGlobal
